{
  "nodes": {
    "nixpkgs": {
      "locked": {
        "lastModified": 1671722432,
        "narHash": "sha256-ojcZUekIQeOZkHHzR81st7qxX99dB1Eaaq6PU5MNeKc=",
        "owner": "nixos",
        "repo": "nixpkgs",
        "rev": "652e92b8064949a11bc193b90b74cb727f2a1405",
        "type": "github"
      },
      "original": {
        "owner": "nixos",
        "ref": "nixos-unstable",
        "repo": "nixpkgs",
        "type": "github"
      }
    },
    "root": {
      "inputs": {
        "nixpkgs": "nixpkgs",
        "sops-nix": "sops-nix"
      }
    },
    "sops-nix": {
      "inputs": {
        "nixpkgs": [
          "nixpkgs"
        ],
        "nixpkgs-stable": [
          "nixpkgs"
        ]
      },
      "locked": {
        "lastModified": 1671937829,
        "narHash": "sha256-YtaNB+mLw0d67JFYNjRWM+/AL3JCXuD/DGlnTlyX1tY=",
        "owner": "Mic92",
        "repo": "sops-nix",
        "rev": "855b8d51fc3991bd817978f0f093aa6ae0fae738",
        "type": "github"
      },
      "original": {
        "owner": "Mic92",
        "repo": "sops-nix",
        "type": "github"
      }
    }
  },
  "root": "root",
  "version": 7
}
