{
  "nodes": {
    "nixpkgs": {
      "locked": {
        "lastModified": 1665643254,
        "narHash": "sha256-IBVWNJxGCsshwh62eRfR6+ry3bSXmulB3VQRzLQo3hk=",
        "owner": "nixos",
        "repo": "nixpkgs",
        "rev": "ba187fbdc5e35322c7dff556ef2c47bddfd6e8d7",
        "type": "github"
      },
      "original": {
        "owner": "nixos",
        "ref": "nixos-unstable",
        "repo": "nixpkgs",
        "type": "github"
      }
    },
    "nixpkgs-22_05": {
      "locked": {
        "lastModified": 1665279158,
        "narHash": "sha256-TpbWNzoJ5RaZ302dzvjY2o//WxtOJuYT3CnDj5N69Hs=",
        "owner": "NixOS",
        "repo": "nixpkgs",
        "rev": "b3783bcfb8ec54e0de26feccfc6cc36b8e202ed5",
        "type": "github"
      },
      "original": {
        "owner": "NixOS",
        "ref": "release-22.05",
        "repo": "nixpkgs",
        "type": "github"
      }
    },
    "root": {
      "inputs": {
        "nixpkgs": "nixpkgs",
        "sops-nix": "sops-nix"
      }
    },
    "sops-nix": {
      "inputs": {
        "nixpkgs": [
          "nixpkgs"
        ],
        "nixpkgs-22_05": "nixpkgs-22_05"
      },
      "locked": {
        "lastModified": 1665289655,
        "narHash": "sha256-j1Q9mNBhbzeJykhObiXwEGres9qvP4vH7gxdJ+ihkLI=",
        "owner": "Mic92",
        "repo": "sops-nix",
        "rev": "0ce0449e6404c4ff9d1b7bd657794ae5ca54deb3",
        "type": "github"
      },
      "original": {
        "owner": "Mic92",
        "repo": "sops-nix",
        "type": "github"
      }
    }
  },
  "root": "root",
  "version": 7
}
