{
  "nodes": {
    "home-manager": {
      "inputs": {
        "nixpkgs": [
          "nixpkgs"
        ]
      },
      "locked": {
        "lastModified": 1687901550,
        "narHash": "sha256-p0AWnbv6+6dxBgvTZuvMHu9FW/spaISiT9k+r4bWm2g=",
        "owner": "nix-community",
        "repo": "home-manager",
        "rev": "9dd107a1d5395fae9b969597e02f3ef3a43ddd47",
        "type": "github"
      },
      "original": {
        "owner": "nix-community",
        "repo": "home-manager",
        "type": "github"
      }
    },
    "nixpkgs": {
      "locked": {
        "lastModified": 1687893427,
        "narHash": "sha256-jJHj0Lxpvov1IPYQK441oLAKxxemHm16U9jf60bXAFU=",
        "owner": "nixos",
        "repo": "nixpkgs",
        "rev": "4b14ab2a916508442e685089672681dff46805be",
        "type": "github"
      },
      "original": {
        "owner": "nixos",
        "ref": "nixos-unstable-small",
        "repo": "nixpkgs",
        "type": "github"
      }
    },
    "root": {
      "inputs": {
        "home-manager": "home-manager",
        "nixpkgs": "nixpkgs",
        "sops-nix": "sops-nix"
      }
    },
    "sops-nix": {
      "inputs": {
        "nixpkgs": [
          "nixpkgs"
        ],
        "nixpkgs-stable": [
          "nixpkgs"
        ]
      },
      "locked": {
        "lastModified": 1687398569,
        "narHash": "sha256-e/umuIKFcFtZtWeX369Hbdt9r+GQ48moDmlTcyHWL28=",
        "owner": "Mic92",
        "repo": "sops-nix",
        "rev": "2ff6973350682f8d16371f8c071a304b8067f192",
        "type": "github"
      },
      "original": {
        "owner": "Mic92",
        "repo": "sops-nix",
        "type": "github"
      }
    }
  },
  "root": "root",
  "version": 7
}
